// !$*UTF8*$!
{
	archiveVersion = 1;
	classes = {
	};
	objectVersion = 50;
	objects = {

/* Begin PBXBuildFile section */
		00117C99225B0DB6001A1952 /* RecipiDescriptionCell.swift in Sources */ = {isa = PBXBuildFile; fileRef = 00117C98225B0DB6001A1952 /* RecipiDescriptionCell.swift */; };
		00117C9A225B0DB6001A1952 /* RecipiDescriptionCell.swift in Sources */ = {isa = PBXBuildFile; fileRef = 00117C98225B0DB6001A1952 /* RecipiDescriptionCell.swift */; };
		00239102225B05D40098EE50 /* AppDelegate.swift in Sources */ = {isa = PBXBuildFile; fileRef = 00239101225B05D40098EE50 /* AppDelegate.swift */; };
		00239104225B05D40098EE50 /* CashRegisterViewController.swift in Sources */ = {isa = PBXBuildFile; fileRef = 00239103225B05D40098EE50 /* CashRegisterViewController.swift */; };
		00239107225B05D40098EE50 /* Main.storyboard in Resources */ = {isa = PBXBuildFile; fileRef = 00239105225B05D40098EE50 /* Main.storyboard */; };
		00239109225B05D70098EE50 /* Assets.xcassets in Resources */ = {isa = PBXBuildFile; fileRef = 00239108225B05D70098EE50 /* Assets.xcassets */; };
		0023910C225B05D70098EE50 /* LaunchScreen.storyboard in Resources */ = {isa = PBXBuildFile; fileRef = 0023910A225B05D70098EE50 /* LaunchScreen.storyboard */; };
		00239117225B05D70098EE50 /* KataCashRegisterTests.swift in Sources */ = {isa = PBXBuildFile; fileRef = 00239116225B05D70098EE50 /* KataCashRegisterTests.swift */; };
		00239126225B06520098EE50 /* CashRegisterModel.swift in Sources */ = {isa = PBXBuildFile; fileRef = 00239125225B06520098EE50 /* CashRegisterModel.swift */; };
		00239127225B06520098EE50 /* CashRegisterModel.swift in Sources */ = {isa = PBXBuildFile; fileRef = 00239125225B06520098EE50 /* CashRegisterModel.swift */; };
		00239129225B067C0098EE50 /* Item.swift in Sources */ = {isa = PBXBuildFile; fileRef = 00239128225B067C0098EE50 /* Item.swift */; };
		0023912A225B067C0098EE50 /* Item.swift in Sources */ = {isa = PBXBuildFile; fileRef = 00239128225B067C0098EE50 /* Item.swift */; };
		0023912C225B06C00098EE50 /* Constant.swift in Sources */ = {isa = PBXBuildFile; fileRef = 0023912B225B06C00098EE50 /* Constant.swift */; };
		0023912D225B06C00098EE50 /* Constant.swift in Sources */ = {isa = PBXBuildFile; fileRef = 0023912B225B06C00098EE50 /* Constant.swift */; };
		0023912F225B06DD0098EE50 /* Validation.swift in Sources */ = {isa = PBXBuildFile; fileRef = 0023912E225B06DD0098EE50 /* Validation.swift */; };
		00239130225B06DD0098EE50 /* Validation.swift in Sources */ = {isa = PBXBuildFile; fileRef = 0023912E225B06DD0098EE50 /* Validation.swift */; };
		00239132225B07120098EE50 /* Utility.swift in Sources */ = {isa = PBXBuildFile; fileRef = 00239131225B07120098EE50 /* Utility.swift */; };
		00239133225B07120098EE50 /* Utility.swift in Sources */ = {isa = PBXBuildFile; fileRef = 00239131225B07120098EE50 /* Utility.swift */; };
/* End PBXBuildFile section */

/* Begin PBXContainerItemProxy section */
		00239113225B05D70098EE50 /* PBXContainerItemProxy */ = {
			isa = PBXContainerItemProxy;
			containerPortal = 002390F6225B05D40098EE50 /* Project object */;
			proxyType = 1;
			remoteGlobalIDString = 002390FD225B05D40098EE50;
			remoteInfo = KataCashRegister;
		};
/* End PBXContainerItemProxy section */

/* Begin PBXFileReference section */
		00117C98225B0DB6001A1952 /* RecipiDescriptionCell.swift */ = {isa = PBXFileReference; lastKnownFileType = sourcecode.swift; path = RecipiDescriptionCell.swift; sourceTree = "<group>"; };
		002390FE225B05D40098EE50 /* KataCashRegister.app */ = {isa = PBXFileReference; explicitFileType = wrapper.application; includeInIndex = 0; path = KataCashRegister.app; sourceTree = BUILT_PRODUCTS_DIR; };
		00239101225B05D40098EE50 /* AppDelegate.swift */ = {isa = PBXFileReference; lastKnownFileType = sourcecode.swift; path = AppDelegate.swift; sourceTree = "<group>"; };
		00239103225B05D40098EE50 /* CashRegisterViewController.swift */ = {isa = PBXFileReference; lastKnownFileType = sourcecode.swift; path = CashRegisterViewController.swift; sourceTree = "<group>"; };
		00239106225B05D40098EE50 /* Base */ = {isa = PBXFileReference; lastKnownFileType = file.storyboard; name = Base; path = Base.lproj/Main.storyboard; sourceTree = "<group>"; };
		00239108225B05D70098EE50 /* Assets.xcassets */ = {isa = PBXFileReference; lastKnownFileType = folder.assetcatalog; path = Assets.xcassets; sourceTree = "<group>"; };
		0023910B225B05D70098EE50 /* Base */ = {isa = PBXFileReference; lastKnownFileType = file.storyboard; name = Base; path = Base.lproj/LaunchScreen.storyboard; sourceTree = "<group>"; };
		0023910D225B05D70098EE50 /* Info.plist */ = {isa = PBXFileReference; lastKnownFileType = text.plist.xml; path = Info.plist; sourceTree = "<group>"; };
		00239112225B05D70098EE50 /* KataCashRegisterTests.xctest */ = {isa = PBXFileReference; explicitFileType = wrapper.cfbundle; includeInIndex = 0; path = KataCashRegisterTests.xctest; sourceTree = BUILT_PRODUCTS_DIR; };
		00239116225B05D70098EE50 /* KataCashRegisterTests.swift */ = {isa = PBXFileReference; lastKnownFileType = sourcecode.swift; path = KataCashRegisterTests.swift; sourceTree = "<group>"; };
		00239118225B05D70098EE50 /* Info.plist */ = {isa = PBXFileReference; lastKnownFileType = text.plist.xml; path = Info.plist; sourceTree = "<group>"; };
		00239125225B06520098EE50 /* CashRegisterModel.swift */ = {isa = PBXFileReference; lastKnownFileType = sourcecode.swift; path = CashRegisterModel.swift; sourceTree = "<group>"; };
		00239128225B067C0098EE50 /* Item.swift */ = {isa = PBXFileReference; lastKnownFileType = sourcecode.swift; path = Item.swift; sourceTree = "<group>"; };
		0023912B225B06C00098EE50 /* Constant.swift */ = {isa = PBXFileReference; lastKnownFileType = sourcecode.swift; path = Constant.swift; sourceTree = "<group>"; };
		0023912E225B06DD0098EE50 /* Validation.swift */ = {isa = PBXFileReference; lastKnownFileType = sourcecode.swift; path = Validation.swift; sourceTree = "<group>"; };
		00239131225B07120098EE50 /* Utility.swift */ = {isa = PBXFileReference; lastKnownFileType = sourcecode.swift; path = Utility.swift; sourceTree = "<group>"; };
/* End PBXFileReference section */

/* Begin PBXFrameworksBuildPhase section */
		002390FB225B05D40098EE50 /* Frameworks */ = {
			isa = PBXFrameworksBuildPhase;
			buildActionMask = 2147483647;
			files = (
			);
			runOnlyForDeploymentPostprocessing = 0;
		};
		0023910F225B05D70098EE50 /* Frameworks */ = {
			isa = PBXFrameworksBuildPhase;
			buildActionMask = 2147483647;
			files = (
			);
			runOnlyForDeploymentPostprocessing = 0;
		};
/* End PBXFrameworksBuildPhase section */

/* Begin PBXGroup section */
		002390F5225B05D40098EE50 = {
			isa = PBXGroup;
			children = (
				00239100225B05D40098EE50 /* KataCashRegister */,
				00239115225B05D70098EE50 /* KataCashRegisterTests */,
				002390FF225B05D40098EE50 /* Products */,
			);
			sourceTree = "<group>";
		};
		002390FF225B05D40098EE50 /* Products */ = {
			isa = PBXGroup;
			children = (
				002390FE225B05D40098EE50 /* KataCashRegister.app */,
				00239112225B05D70098EE50 /* KataCashRegisterTests.xctest */,
			);
			name = Products;
			sourceTree = "<group>";
		};
		00239100225B05D40098EE50 /* KataCashRegister */ = {
			isa = PBXGroup;
			children = (
				00239101225B05D40098EE50 /* AppDelegate.swift */,
				00239124225B06300098EE50 /* Model */,
				00239122225B061A0098EE50 /* View */,
				00239121225B06120098EE50 /* Controller */,
				00239123225B06270098EE50 /* Utility */,
				00239108225B05D70098EE50 /* Assets.xcassets */,
				0023910A225B05D70098EE50 /* LaunchScreen.storyboard */,
				0023910D225B05D70098EE50 /* Info.plist */,
			);
			path = KataCashRegister;
			sourceTree = "<group>";
		};
		00239115225B05D70098EE50 /* KataCashRegisterTests */ = {
			isa = PBXGroup;
			children = (
				00239116225B05D70098EE50 /* KataCashRegisterTests.swift */,
				00239118225B05D70098EE50 /* Info.plist */,
			);
			path = KataCashRegisterTests;
			sourceTree = "<group>";
		};
		00239121225B06120098EE50 /* Controller */ = {
			isa = PBXGroup;
			children = (
				00239103225B05D40098EE50 /* CashRegisterViewController.swift */,
			);
			path = Controller;
			sourceTree = "<group>";
		};
		00239122225B061A0098EE50 /* View */ = {
			isa = PBXGroup;
			children = (
				00239105225B05D40098EE50 /* Main.storyboard */,
				00117C98225B0DB6001A1952 /* RecipiDescriptionCell.swift */,
			);
			path = View;
			sourceTree = "<group>";
		};
		00239123225B06270098EE50 /* Utility */ = {
			isa = PBXGroup;
			children = (
				0023912B225B06C00098EE50 /* Constant.swift */,
				0023912E225B06DD0098EE50 /* Validation.swift */,
				00239131225B07120098EE50 /* Utility.swift */,
			);
			path = Utility;
			sourceTree = "<group>";
		};
		00239124225B06300098EE50 /* Model */ = {
			isa = PBXGroup;
			children = (
				00239125225B06520098EE50 /* CashRegisterModel.swift */,
				00239128225B067C0098EE50 /* Item.swift */,
			);
			path = Model;
			sourceTree = "<group>";
		};
/* End PBXGroup section */

/* Begin PBXNativeTarget section */
		002390FD225B05D40098EE50 /* KataCashRegister */ = {
			isa = PBXNativeTarget;
			buildConfigurationList = 0023911B225B05D70098EE50 /* Build configuration list for PBXNativeTarget "KataCashRegister" */;
			buildPhases = (
				002390FA225B05D40098EE50 /* Sources */,
				002390FB225B05D40098EE50 /* Frameworks */,
				002390FC225B05D40098EE50 /* Resources */,
			);
			buildRules = (
			);
			dependencies = (
			);
			name = KataCashRegister;
			productName = KataCashRegister;
			productReference = 002390FE225B05D40098EE50 /* KataCashRegister.app */;
			productType = "com.apple.product-type.application";
		};
		00239111225B05D70098EE50 /* KataCashRegisterTests */ = {
			isa = PBXNativeTarget;
			buildConfigurationList = 0023911E225B05D70098EE50 /* Build configuration list for PBXNativeTarget "KataCashRegisterTests" */;
			buildPhases = (
				0023910E225B05D70098EE50 /* Sources */,
				0023910F225B05D70098EE50 /* Frameworks */,
				00239110225B05D70098EE50 /* Resources */,
			);
			buildRules = (
			);
			dependencies = (
				00239114225B05D70098EE50 /* PBXTargetDependency */,
			);
			name = KataCashRegisterTests;
			productName = KataCashRegisterTests;
			productReference = 00239112225B05D70098EE50 /* KataCashRegisterTests.xctest */;
			productType = "com.apple.product-type.bundle.unit-test";
		};
/* End PBXNativeTarget section */

/* Begin PBXProject section */
		002390F6225B05D40098EE50 /* Project object */ = {
			isa = PBXProject;
			attributes = {
				LastSwiftUpdateCheck = 1020;
				LastUpgradeCheck = 1020;
				ORGANIZATIONNAME = KataBNPPF;
				TargetAttributes = {
					002390FD225B05D40098EE50 = {
						CreatedOnToolsVersion = 10.2;
					};
					00239111225B05D70098EE50 = {
						CreatedOnToolsVersion = 10.2;
						TestTargetID = 002390FD225B05D40098EE50;
					};
				};
			};
			buildConfigurationList = 002390F9225B05D40098EE50 /* Build configuration list for PBXProject "KataCashRegister" */;
			compatibilityVersion = "Xcode 9.3";
			developmentRegion = en;
			hasScannedForEncodings = 0;
			knownRegions = (
				en,
				Base,
			);
			mainGroup = 002390F5225B05D40098EE50;
			productRefGroup = 002390FF225B05D40098EE50 /* Products */;
			projectDirPath = "";
			projectRoot = "";
			targets = (
				002390FD225B05D40098EE50 /* KataCashRegister */,
				00239111225B05D70098EE50 /* KataCashRegisterTests */,
			);
		};
/* End PBXProject section */

/* Begin PBXResourcesBuildPhase section */
		002390FC225B05D40098EE50 /* Resources */ = {
			isa = PBXResourcesBuildPhase;
			buildActionMask = 2147483647;
			files = (
				0023910C225B05D70098EE50 /* LaunchScreen.storyboard in Resources */,
				00239109225B05D70098EE50 /* Assets.xcassets in Resources */,
				00239107225B05D40098EE50 /* Main.storyboard in Resources */,
			);
			runOnlyForDeploymentPostprocessing = 0;
		};
		00239110225B05D70098EE50 /* Resources */ = {
			isa = PBXResourcesBuildPhase;
			buildActionMask = 2147483647;
			files = (
			);
			runOnlyForDeploymentPostprocessing = 0;
		};
/* End PBXResourcesBuildPhase section */

/* Begin PBXSourcesBuildPhase section */
		002390FA225B05D40098EE50 /* Sources */ = {
			isa = PBXSourcesBuildPhase;
			buildActionMask = 2147483647;
			files = (
				00239132225B07120098EE50 /* Utility.swift in Sources */,
				00239129225B067C0098EE50 /* Item.swift in Sources */,
				00239104225B05D40098EE50 /* CashRegisterViewController.swift in Sources */,
				0023912C225B06C00098EE50 /* Constant.swift in Sources */,
				00239102225B05D40098EE50 /* AppDelegate.swift in Sources */,
				0023912F225B06DD0098EE50 /* Validation.swift in Sources */,
				00117C99225B0DB6001A1952 /* RecipiDescriptionCell.swift in Sources */,
				00239126225B06520098EE50 /* CashRegisterModel.swift in Sources */,
			);
			runOnlyForDeploymentPostprocessing = 0;
		};
		0023910E225B05D70098EE50 /* Sources */ = {
			isa = PBXSourcesBuildPhase;
			buildActionMask = 2147483647;
			files = (
				00239117225B05D70098EE50 /* KataCashRegisterTests.swift in Sources */,
				0023912A225B067C0098EE50 /* Item.swift in Sources */,
				00239133225B07120098EE50 /* Utility.swift in Sources */,
				00117C9A225B0DB6001A1952 /* RecipiDescriptionCell.swift in Sources */,
				00239127225B06520098EE50 /* CashRegisterModel.swift in Sources */,
				00239130225B06DD0098EE50 /* Validation.swift in Sources */,
				0023912D225B06C00098EE50 /* Constant.swift in Sources */,
			);
			runOnlyForDeploymentPostprocessing = 0;
		};
/* End PBXSourcesBuildPhase section */

/* Begin PBXTargetDependency section */
		00239114225B05D70098EE50 /* PBXTargetDependency */ = {
			isa = PBXTargetDependency;
			target = 002390FD225B05D40098EE50 /* KataCashRegister */;
			targetProxy = 00239113225B05D70098EE50 /* PBXContainerItemProxy */;
		};
/* End PBXTargetDependency section */

/* Begin PBXVariantGroup section */
		00239105225B05D40098EE50 /* Main.storyboard */ = {
			isa = PBXVariantGroup;
			children = (
				00239106225B05D40098EE50 /* Base */,
			);
			name = Main.storyboard;
			sourceTree = "<group>";
		};
		0023910A225B05D70098EE50 /* LaunchScreen.storyboard */ = {
			isa = PBXVariantGroup;
			children = (
				0023910B225B05D70098EE50 /* Base */,
			);
			name = LaunchScreen.storyboard;
			sourceTree = "<group>";
		};
/* End PBXVariantGroup section */

/* Begin XCBuildConfiguration section */
		00239119225B05D70098EE50 /* Debug */ = {
			isa = XCBuildConfiguration;
			buildSettings = {
				ALWAYS_SEARCH_USER_PATHS = NO;
				CLANG_ANALYZER_NONNULL = YES;
				CLANG_ANALYZER_NUMBER_OBJECT_CONVERSION = YES_AGGRESSIVE;
				CLANG_CXX_LANGUAGE_STANDARD = "gnu++14";
				CLANG_CXX_LIBRARY = "libc++";
				CLANG_ENABLE_MODULES = YES;
				CLANG_ENABLE_OBJC_ARC = YES;
				CLANG_ENABLE_OBJC_WEAK = YES;
				CLANG_WARN_BLOCK_CAPTURE_AUTORELEASING = YES;
				CLANG_WARN_BOOL_CONVERSION = YES;
				CLANG_WARN_COMMA = YES;
				CLANG_WARN_CONSTANT_CONVERSION = YES;
				CLANG_WARN_DEPRECATED_OBJC_IMPLEMENTATIONS = YES;
				CLANG_WARN_DIRECT_OBJC_ISA_USAGE = YES_ERROR;
				CLANG_WARN_DOCUMENTATION_COMMENTS = YES;
				CLANG_WARN_EMPTY_BODY = YES;
				CLANG_WARN_ENUM_CONVERSION = YES;
				CLANG_WARN_INFINITE_RECURSION = YES;
				CLANG_WARN_INT_CONVERSION = YES;
				CLANG_WARN_NON_LITERAL_NULL_CONVERSION = YES;
				CLANG_WARN_OBJC_IMPLICIT_RETAIN_SELF = YES;
				CLANG_WARN_OBJC_LITERAL_CONVERSION = YES;
				CLANG_WARN_OBJC_ROOT_CLASS = YES_ERROR;
				CLANG_WARN_RANGE_LOOP_ANALYSIS = YES;
				CLANG_WARN_STRICT_PROTOTYPES = YES;
				CLANG_WARN_SUSPICIOUS_MOVE = YES;
				CLANG_WARN_UNGUARDED_AVAILABILITY = YES_AGGRESSIVE;
				CLANG_WARN_UNREACHABLE_CODE = YES;
				CLANG_WARN__DUPLICATE_METHOD_MATCH = YES;
				CODE_SIGN_IDENTITY = "iPhone Developer";
				COPY_PHASE_STRIP = NO;
				DEBUG_INFORMATION_FORMAT = dwarf;
				ENABLE_STRICT_OBJC_MSGSEND = YES;
				ENABLE_TESTABILITY = YES;
				GCC_C_LANGUAGE_STANDARD = gnu11;
				GCC_DYNAMIC_NO_PIC = NO;
				GCC_NO_COMMON_BLOCKS = YES;
				GCC_OPTIMIZATION_LEVEL = 0;
				GCC_PREPROCESSOR_DEFINITIONS = (
					"DEBUG=1",
					"$(inherited)",
				);
				GCC_WARN_64_TO_32_BIT_CONVERSION = YES;
				GCC_WARN_ABOUT_RETURN_TYPE = YES_ERROR;
				GCC_WARN_UNDECLARED_SELECTOR = YES;
				GCC_WARN_UNINITIALIZED_AUTOS = YES_AGGRESSIVE;
				GCC_WARN_UNUSED_FUNCTION = YES;
				GCC_WARN_UNUSED_VARIABLE = YES;
				IPHONEOS_DEPLOYMENT_TARGET = 12.2;
				MTL_ENABLE_DEBUG_INFO = INCLUDE_SOURCE;
				MTL_FAST_MATH = YES;
				ONLY_ACTIVE_ARCH = YES;
				SDKROOT = iphoneos;
				SWIFT_ACTIVE_COMPILATION_CONDITIONS = DEBUG;
				SWIFT_OPTIMIZATION_LEVEL = "-Onone";
			};
			name = Debug;
		};
		0023911A225B05D70098EE50 /* Release */ = {
			isa = XCBuildConfiguration;
			buildSettings = {
				ALWAYS_SEARCH_USER_PATHS = NO;
				CLANG_ANALYZER_NONNULL = YES;
				CLANG_ANALYZER_NUMBER_OBJECT_CONVERSION = YES_AGGRESSIVE;
				CLANG_CXX_LANGUAGE_STANDARD = "gnu++14";
				CLANG_CXX_LIBRARY = "libc++";
				CLANG_ENABLE_MODULES = YES;
				CLANG_ENABLE_OBJC_ARC = YES;
				CLANG_ENABLE_OBJC_WEAK = YES;
				CLANG_WARN_BLOCK_CAPTURE_AUTORELEASING = YES;
				CLANG_WARN_BOOL_CONVERSION = YES;
				CLANG_WARN_COMMA = YES;
				CLANG_WARN_CONSTANT_CONVERSION = YES;
				CLANG_WARN_DEPRECATED_OBJC_IMPLEMENTATIONS = YES;
				CLANG_WARN_DIRECT_OBJC_ISA_USAGE = YES_ERROR;
				CLANG_WARN_DOCUMENTATION_COMMENTS = YES;
				CLANG_WARN_EMPTY_BODY = YES;
				CLANG_WARN_ENUM_CONVERSION = YES;
				CLANG_WARN_INFINITE_RECURSION = YES;
				CLANG_WARN_INT_CONVERSION = YES;
				CLANG_WARN_NON_LITERAL_NULL_CONVERSION = YES;
				CLANG_WARN_OBJC_IMPLICIT_RETAIN_SELF = YES;
				CLANG_WARN_OBJC_LITERAL_CONVERSION = YES;
				CLANG_WARN_OBJC_ROOT_CLASS = YES_ERROR;
				CLANG_WARN_RANGE_LOOP_ANALYSIS = YES;
				CLANG_WARN_STRICT_PROTOTYPES = YES;
				CLANG_WARN_SUSPICIOUS_MOVE = YES;
				CLANG_WARN_UNGUARDED_AVAILABILITY = YES_AGGRESSIVE;
				CLANG_WARN_UNREACHABLE_CODE = YES;
				CLANG_WARN__DUPLICATE_METHOD_MATCH = YES;
				CODE_SIGN_IDENTITY = "iPhone Developer";
				COPY_PHASE_STRIP = NO;
				DEBUG_INFORMATION_FORMAT = "dwarf-with-dsym";
				ENABLE_NS_ASSERTIONS = NO;
				ENABLE_STRICT_OBJC_MSGSEND = YES;
				GCC_C_LANGUAGE_STANDARD = gnu11;
				GCC_NO_COMMON_BLOCKS = YES;
				GCC_WARN_64_TO_32_BIT_CONVERSION = YES;
				GCC_WARN_ABOUT_RETURN_TYPE = YES_ERROR;
				GCC_WARN_UNDECLARED_SELECTOR = YES;
				GCC_WARN_UNINITIALIZED_AUTOS = YES_AGGRESSIVE;
				GCC_WARN_UNUSED_FUNCTION = YES;
				GCC_WARN_UNUSED_VARIABLE = YES;
				IPHONEOS_DEPLOYMENT_TARGET = 12.2;
				MTL_ENABLE_DEBUG_INFO = NO;
				MTL_FAST_MATH = YES;
				SDKROOT = iphoneos;
				SWIFT_COMPILATION_MODE = wholemodule;
				SWIFT_OPTIMIZATION_LEVEL = "-O";
				VALIDATE_PRODUCT = YES;
			};
			name = Release;
		};
		0023911C225B05D70098EE50 /* Debug */ = {
			isa = XCBuildConfiguration;
			buildSettings = {
				ASSETCATALOG_COMPILER_APPICON_NAME = AppIcon;
				CODE_SIGN_STYLE = Automatic;
				DEVELOPMENT_TEAM = 88CKNNA6GB;
				INFOPLIST_FILE = KataCashRegister/Info.plist;
				LD_RUNPATH_SEARCH_PATHS = (
					"$(inherited)",
					"@executable_path/Frameworks",
				);
				PRODUCT_BUNDLE_IDENTIFIER = kata.cash.register.KataCashRegister;
				PRODUCT_NAME = "$(TARGET_NAME)";
				SWIFT_VERSION = 5.0;
				TARGETED_DEVICE_FAMILY = "1,2";
			};
			name = Debug;
		};
		0023911D225B05D70098EE50 /* Release */ = {
			isa = XCBuildConfiguration;
			buildSettings = {
				ASSETCATALOG_COMPILER_APPICON_NAME = AppIcon;
				CODE_SIGN_STYLE = Automatic;
				DEVELOPMENT_TEAM = 88CKNNA6GB;
				INFOPLIST_FILE = KataCashRegister/Info.plist;
				LD_RUNPATH_SEARCH_PATHS = (
					"$(inherited)",
					"@executable_path/Frameworks",
				);
				PRODUCT_BUNDLE_IDENTIFIER = kata.cash.register.KataCashRegister;
				PRODUCT_NAME = "$(TARGET_NAME)";
				SWIFT_VERSION = 5.0;
				TARGETED_DEVICE_FAMILY = "1,2";
			};
			name = Release;
		};
		0023911F225B05D70098EE50 /* Debug */ = {
			isa = XCBuildConfiguration;
			buildSettings = {
				ALWAYS_EMBED_SWIFT_STANDARD_LIBRARIES = YES;
				BUNDLE_LOADER = "$(TEST_HOST)";
				CODE_SIGN_STYLE = Automatic;
				INFOPLIST_FILE = KataCashRegisterTests/Info.plist;
				LD_RUNPATH_SEARCH_PATHS = (
					"$(inherited)",
					"@executable_path/Frameworks",
					"@loader_path/Frameworks",
				);
				PRODUCT_BUNDLE_IDENTIFIER = kata.cash.register.KataCashRegisterTests;
				PRODUCT_NAME = "$(TARGET_NAME)";
				SWIFT_VERSION = 5.0;
				TARGETED_DEVICE_FAMILY = "1,2";
				TEST_HOST = "$(BUILT_PRODUCTS_DIR)/KataCashRegister.app/KataCashRegister";
			};
			name = Debug;
		};
		00239120225B05D70098EE50 /* Release */ = {
			isa = XCBuildConfiguration;
			buildSettings = {
				ALWAYS_EMBED_SWIFT_STANDARD_LIBRARIES = YES;
				BUNDLE_LOADER = "$(TEST_HOST)";
				CODE_SIGN_STYLE = Automatic;
				INFOPLIST_FILE = KataCashRegisterTests/Info.plist;
				LD_RUNPATH_SEARCH_PATHS = (
					"$(inherited)",
					"@executable_path/Frameworks",
					"@loader_path/Frameworks",
				);
				PRODUCT_BUNDLE_IDENTIFIER = kata.cash.register.KataCashRegisterTests;
				PRODUCT_NAME = "$(TARGET_NAME)";
				SWIFT_VERSION = 5.0;
				TARGETED_DEVICE_FAMILY = "1,2";
				TEST_HOST = "$(BUILT_PRODUCTS_DIR)/KataCashRegister.app/KataCashRegister";
			};
			name = Release;
		};
/* End XCBuildConfiguration section */

/* Begin XCConfigurationList section */
		002390F9225B05D40098EE50 /* Build configuration list for PBXProject "KataCashRegister" */ = {
			isa = XCConfigurationList;
			buildConfigurations = (
				00239119225B05D70098EE50 /* Debug */,
				0023911A225B05D70098EE50 /* Release */,
			);
			defaultConfigurationIsVisible = 0;
			defaultConfigurationName = Release;
		};
		0023911B225B05D70098EE50 /* Build configuration list for PBXNativeTarget "KataCashRegister" */ = {
			isa = XCConfigurationList;
			buildConfigurations = (
				0023911C225B05D70098EE50 /* Debug */,
				0023911D225B05D70098EE50 /* Release */,
			);
			defaultConfigurationIsVisible = 0;
			defaultConfigurationName = Release;
		};
		0023911E225B05D70098EE50 /* Build configuration list for PBXNativeTarget "KataCashRegisterTests" */ = {
			isa = XCConfigurationList;
			buildConfigurations = (
				0023911F225B05D70098EE50 /* Debug */,
				00239120225B05D70098EE50 /* Release */,
			);
			defaultConfigurationIsVisible = 0;
			defaultConfigurationName = Release;
		};
/* End XCConfigurationList section */
	};
	rootObject = 002390F6225B05D40098EE50 /* Project object */;
}
